
Microsoft Visual Studio Solution File, Format Version 12.00
# Visual Studio 2013
VisualStudioVersion = 12.0.31101.0
MinimumVisualStudioVersion = 10.0.40219.1
Project("{FAE04EC0-301F-11D3-BF4B-00C04F79EFBC}") = "Multiplication Tables", "Multiplication Tables\Multiplication Tables.csproj", "{76E930A0-1501-41DF-8A37-0B81E1D99450}"
EndProject
Global
	GlobalSection(SolutionConfigurationPlatforms) = preSolution
		Debug|Any CPU = Debug|Any CPU
		Release|Any CPU = Release|Any CPU
	EndGlobalSection
	GlobalSection(ProjectConfigurationPlatforms) = postSolution
		{76E930A0-1501-41DF-8A37-0B81E1D99450}.Debug|Any CPU.ActiveCfg = Debug|Any CPU
		{76E930A0-1501-41DF-8A37-0B81E1D99450}.Debug|Any CPU.Build.0 = Debug|Any CPU
		{76E930A0-1501-41DF-8A37-0B81E1D99450}.Release|Any CPU.ActiveCfg = Release|Any CPU
		{76E930A0-1501-41DF-8A37-0B81E1D99450}.Release|Any CPU.Build.0 = Release|Any CPU
	EndGlobalSection
	GlobalSection(SolutionProperties) = preSolution
		HideSolutionNode = FALSE
	EndGlobalSection
EndGlobal
